
Microsoft Visual Studio Solution File, Format Version 12.00
# Visual Studio Version 16
VisualStudioVersion = 16.0.33927.289
MinimumVisualStudioVersion = 10.0.40219.1
Project("{FAE04EC0-301F-11D3-BF4B-00C04F79EFBC}") = "15. Loops, While and Do While", "15. Loops, While and Do While.csproj", "{A47DF512-4E22-4C79-845B-2D0DA3A15B9E}"
EndProject
Global
	GlobalSection(SolutionConfigurationPlatforms) = preSolution
		Debug|Any CPU = Debug|Any CPU
		Release|Any CPU = Release|Any CPU
	EndGlobalSection
	GlobalSection(ProjectConfigurationPlatforms) = postSolution
		{A47DF512-4E22-4C79-845B-2D0DA3A15B9E}.Debug|Any CPU.ActiveCfg = Debug|Any CPU
		{A47DF512-4E22-4C79-845B-2D0DA3A15B9E}.Debug|Any CPU.Build.0 = Debug|Any CPU
		{A47DF512-4E22-4C79-845B-2D0DA3A15B9E}.Release|Any CPU.ActiveCfg = Release|Any CPU
		{A47DF512-4E22-4C79-845B-2D0DA3A15B9E}.Release|Any CPU.Build.0 = Release|Any CPU
	EndGlobalSection
	GlobalSection(SolutionProperties) = preSolution
		HideSolutionNode = FALSE
	EndGlobalSection
	GlobalSection(ExtensibilityGlobals) = postSolution
		SolutionGuid = {C0986656-6BFA-4731-A6D7-EA5F0E8A2169}
	EndGlobalSection
EndGlobal
